
Microsoft Visual Studio Solution File, Format Version 12.00
# Visual Studio Version 17
VisualStudioVersion = 17.10.34707.107
MinimumVisualStudioVersion = 10.0.40219.1
Project("{FAE04EC0-301F-11D3-BF4B-00C04F79EFBC}") = "Eser_Eventi", "Eser_Eventi\Eser_Eventi.csproj", "{64F4EE1D-8AD1-490D-85DA-3BA547C8D71E}"
EndProject
Global
	GlobalSection(SolutionConfigurationPlatforms) = preSolution
		Debug|Any CPU = Debug|Any CPU
		Release|Any CPU = Release|Any CPU
	EndGlobalSection
	GlobalSection(ProjectConfigurationPlatforms) = postSolution
		{64F4EE1D-8AD1-490D-85DA-3BA547C8D71E}.Debug|Any CPU.ActiveCfg = Debug|Any CPU
		{64F4EE1D-8AD1-490D-85DA-3BA547C8D71E}.Debug|Any CPU.Build.0 = Debug|Any CPU
		{64F4EE1D-8AD1-490D-85DA-3BA547C8D71E}.Release|Any CPU.ActiveCfg = Release|Any CPU
		{64F4EE1D-8AD1-490D-85DA-3BA547C8D71E}.Release|Any CPU.Build.0 = Release|Any CPU
	EndGlobalSection
	GlobalSection(SolutionProperties) = preSolution
		HideSolutionNode = FALSE
	EndGlobalSection
	GlobalSection(ExtensibilityGlobals) = postSolution
		SolutionGuid = {69B343D5-2456-49CB-9E8D-0AE3A7C76D8D}
	EndGlobalSection
EndGlobal
