
Microsoft Visual Studio Solution File, Format Version 12.00
# Visual Studio Version 17
VisualStudioVersion = 17.10.34707.107
MinimumVisualStudioVersion = 10.0.40219.1
Project("{FAE04EC0-301F-11D3-BF4B-00C04F79EFBC}") = "EserMarioKart", "EserMarioKart\EserMarioKart.csproj", "{690FEEFC-FFD2-4D0A-B83A-AE5E4ED965F0}"
EndProject
Global
	GlobalSection(SolutionConfigurationPlatforms) = preSolution
		Debug|Any CPU = Debug|Any CPU
		Release|Any CPU = Release|Any CPU
	EndGlobalSection
	GlobalSection(ProjectConfigurationPlatforms) = postSolution
		{690FEEFC-FFD2-4D0A-B83A-AE5E4ED965F0}.Debug|Any CPU.ActiveCfg = Debug|Any CPU
		{690FEEFC-FFD2-4D0A-B83A-AE5E4ED965F0}.Debug|Any CPU.Build.0 = Debug|Any CPU
		{690FEEFC-FFD2-4D0A-B83A-AE5E4ED965F0}.Release|Any CPU.ActiveCfg = Release|Any CPU
		{690FEEFC-FFD2-4D0A-B83A-AE5E4ED965F0}.Release|Any CPU.Build.0 = Release|Any CPU
	EndGlobalSection
	GlobalSection(SolutionProperties) = preSolution
		HideSolutionNode = FALSE
	EndGlobalSection
	GlobalSection(ExtensibilityGlobals) = postSolution
		SolutionGuid = {787B4213-1D75-4629-B982-5E71BD68FD74}
	EndGlobalSection
EndGlobal
